
Microsoft Visual Studio Solution File, Format Version 12.00
# Visual Studio Version 17
VisualStudioVersion = 17.12.35514.174 d17.12
MinimumVisualStudioVersion = 10.0.40219.1
Project("{8BC9CEB8-8B4A-11D0-8D11-00A0C91BC942}") = "rw6", "rw6.vcxproj", "{7CFC8084-1F58-4F6B-AE2F-E7442F345CB2}"
EndProject
Global
	GlobalSection(SolutionConfigurationPlatforms) = preSolution
		CRT_SECURE_NO_WARNINGS|x64 = CRT_SECURE_NO_WARNINGS|x64
		CRT_SECURE_NO_WARNINGS|x86 = CRT_SECURE_NO_WARNINGS|x86
		Debug|x64 = Debug|x64
		Debug|x86 = Debug|x86
		Release|x64 = Release|x64
		Release|x86 = Release|x86
	EndGlobalSection
	GlobalSection(ProjectConfigurationPlatforms) = postSolution
		{7CFC8084-1F58-4F6B-AE2F-E7442F345CB2}.CRT_SECURE_NO_WARNINGS|x64.ActiveCfg = CRT_SECURE_NO_WARNINGS|x64
		{7CFC8084-1F58-4F6B-AE2F-E7442F345CB2}.CRT_SECURE_NO_WARNINGS|x64.Build.0 = CRT_SECURE_NO_WARNINGS|x64
		{7CFC8084-1F58-4F6B-AE2F-E7442F345CB2}.CRT_SECURE_NO_WARNINGS|x86.ActiveCfg = CRT_SECURE_NO_WARNINGS|Win32
		{7CFC8084-1F58-4F6B-AE2F-E7442F345CB2}.CRT_SECURE_NO_WARNINGS|x86.Build.0 = CRT_SECURE_NO_WARNINGS|Win32
		{7CFC8084-1F58-4F6B-AE2F-E7442F345CB2}.Debug|x64.ActiveCfg = Debug|x64
		{7CFC8084-1F58-4F6B-AE2F-E7442F345CB2}.Debug|x64.Build.0 = Debug|x64
		{7CFC8084-1F58-4F6B-AE2F-E7442F345CB2}.Debug|x86.ActiveCfg = Debug|Win32
		{7CFC8084-1F58-4F6B-AE2F-E7442F345CB2}.Debug|x86.Build.0 = Debug|Win32
		{7CFC8084-1F58-4F6B-AE2F-E7442F345CB2}.Release|x64.ActiveCfg = Release|x64
		{7CFC8084-1F58-4F6B-AE2F-E7442F345CB2}.Release|x64.Build.0 = Release|x64
		{7CFC8084-1F58-4F6B-AE2F-E7442F345CB2}.Release|x86.ActiveCfg = Release|Win32
		{7CFC8084-1F58-4F6B-AE2F-E7442F345CB2}.Release|x86.Build.0 = Release|Win32
	EndGlobalSection
	GlobalSection(SolutionProperties) = preSolution
		HideSolutionNode = FALSE
	EndGlobalSection
EndGlobal
